// !$*UTF8*$!
{
	archiveVersion = 1;
	classes = {
	};
	objectVersion = 46;
	objects = {

/* Begin PBXBuildFile section */
		48BFD81519EC6360002E8591 /* AppDelegate.swift in Sources */ = {isa = PBXBuildFile; fileRef = 48BFD81419EC6360002E8591 /* AppDelegate.swift */; };
		48BFD81819EC6360002E8591 /* PhotoFilters.xcdatamodeld in Sources */ = {isa = PBXBuildFile; fileRef = 48BFD81619EC6360002E8591 /* PhotoFilters.xcdatamodeld */; };
		48BFD81D19EC6360002E8591 /* Main.storyboard in Resources */ = {isa = PBXBuildFile; fileRef = 48BFD81B19EC6360002E8591 /* Main.storyboard */; };
		48BFD81F19EC6360002E8591 /* Images.xcassets in Resources */ = {isa = PBXBuildFile; fileRef = 48BFD81E19EC6360002E8591 /* Images.xcassets */; };
		48BFD82219EC6360002E8591 /* LaunchScreen.xib in Resources */ = {isa = PBXBuildFile; fileRef = 48BFD82019EC6360002E8591 /* LaunchScreen.xib */; };
		48BFD82E19EC6360002E8591 /* PhotoFiltersTests.swift in Sources */ = {isa = PBXBuildFile; fileRef = 48BFD82D19EC6360002E8591 /* PhotoFiltersTests.swift */; };
		48BFD83B19EC64E5002E8591 /* HomeViewController.swift in Sources */ = {isa = PBXBuildFile; fileRef = 48BFD83A19EC64E5002E8591 /* HomeViewController.swift */; };
		48BFD83D19EC6B06002E8591 /* GalleryViewController.swift in Sources */ = {isa = PBXBuildFile; fileRef = 48BFD83C19EC6B06002E8591 /* GalleryViewController.swift */; };
		48BFD84319EC6EA8002E8591 /* GalleryCell.swift in Sources */ = {isa = PBXBuildFile; fileRef = 48BFD84219EC6EA8002E8591 /* GalleryCell.swift */; };
/* End PBXBuildFile section */

/* Begin PBXContainerItemProxy section */
		48BFD82819EC6360002E8591 /* PBXContainerItemProxy */ = {
			isa = PBXContainerItemProxy;
			containerPortal = 48BFD80719EC6360002E8591 /* Project object */;
			proxyType = 1;
			remoteGlobalIDString = 48BFD80E19EC6360002E8591;
			remoteInfo = PhotoFilters;
		};
/* End PBXContainerItemProxy section */

/* Begin PBXFileReference section */
		48BFD80F19EC6360002E8591 /* PhotoFilters.app */ = {isa = PBXFileReference; explicitFileType = wrapper.application; includeInIndex = 0; path = PhotoFilters.app; sourceTree = BUILT_PRODUCTS_DIR; };
		48BFD81319EC6360002E8591 /* Info.plist */ = {isa = PBXFileReference; lastKnownFileType = text.plist.xml; path = Info.plist; sourceTree = "<group>"; };
		48BFD81419EC6360002E8591 /* AppDelegate.swift */ = {isa = PBXFileReference; lastKnownFileType = sourcecode.swift; path = AppDelegate.swift; sourceTree = "<group>"; };
		48BFD81719EC6360002E8591 /* PhotoFilters.xcdatamodel */ = {isa = PBXFileReference; lastKnownFileType = wrapper.xcdatamodel; path = PhotoFilters.xcdatamodel; sourceTree = "<group>"; };
		48BFD81C19EC6360002E8591 /* Base */ = {isa = PBXFileReference; lastKnownFileType = file.storyboard; name = Base; path = Base.lproj/Main.storyboard; sourceTree = "<group>"; };
		48BFD81E19EC6360002E8591 /* Images.xcassets */ = {isa = PBXFileReference; lastKnownFileType = folder.assetcatalog; path = Images.xcassets; sourceTree = "<group>"; };
		48BFD82119EC6360002E8591 /* Base */ = {isa = PBXFileReference; lastKnownFileType = file.xib; name = Base; path = Base.lproj/LaunchScreen.xib; sourceTree = "<group>"; };
		48BFD82719EC6360002E8591 /* PhotoFiltersTests.xctest */ = {isa = PBXFileReference; explicitFileType = wrapper.cfbundle; includeInIndex = 0; path = PhotoFiltersTests.xctest; sourceTree = BUILT_PRODUCTS_DIR; };
		48BFD82C19EC6360002E8591 /* Info.plist */ = {isa = PBXFileReference; lastKnownFileType = text.plist.xml; path = Info.plist; sourceTree = "<group>"; };
		48BFD82D19EC6360002E8591 /* PhotoFiltersTests.swift */ = {isa = PBXFileReference; lastKnownFileType = sourcecode.swift; path = PhotoFiltersTests.swift; sourceTree = "<group>"; };
		48BFD83A19EC64E5002E8591 /* HomeViewController.swift */ = {isa = PBXFileReference; fileEncoding = 4; lastKnownFileType = sourcecode.swift; path = HomeViewController.swift; sourceTree = "<group>"; };
		48BFD83C19EC6B06002E8591 /* GalleryViewController.swift */ = {isa = PBXFileReference; fileEncoding = 4; lastKnownFileType = sourcecode.swift; path = GalleryViewController.swift; sourceTree = "<group>"; };
		48BFD84219EC6EA8002E8591 /* GalleryCell.swift */ = {isa = PBXFileReference; fileEncoding = 4; lastKnownFileType = sourcecode.swift; path = GalleryCell.swift; sourceTree = "<group>"; };
/* End PBXFileReference section */

/* Begin PBXFrameworksBuildPhase section */
		48BFD80C19EC6360002E8591 /* Frameworks */ = {
			isa = PBXFrameworksBuildPhase;
			buildActionMask = 2147483647;
			files = (
			);
			runOnlyForDeploymentPostprocessing = 0;
		};
		48BFD82419EC6360002E8591 /* Frameworks */ = {
			isa = PBXFrameworksBuildPhase;
			buildActionMask = 2147483647;
			files = (
			);
			runOnlyForDeploymentPostprocessing = 0;
		};
/* End PBXFrameworksBuildPhase section */

/* Begin PBXGroup section */
		48BFD80619EC6360002E8591 = {
			isa = PBXGroup;
			children = (
				48BFD81119EC6360002E8591 /* PhotoFilters */,
				48BFD82A19EC6360002E8591 /* PhotoFiltersTests */,
				48BFD81019EC6360002E8591 /* Products */,
			);
			sourceTree = "<group>";
		};
		48BFD81019EC6360002E8591 /* Products */ = {
			isa = PBXGroup;
			children = (
				48BFD80F19EC6360002E8591 /* PhotoFilters.app */,
				48BFD82719EC6360002E8591 /* PhotoFiltersTests.xctest */,
			);
			name = Products;
			sourceTree = "<group>";
		};
		48BFD81119EC6360002E8591 /* PhotoFilters */ = {
			isa = PBXGroup;
			children = (
				48BFD83719EC648B002E8591 /* Controller Layer */,
				48BFD83819EC64A1002E8591 /* Model Layer */,
				48BFD83919EC64AD002E8591 /* View Layer */,
				48BFD81419EC6360002E8591 /* AppDelegate.swift */,
				48BFD81B19EC6360002E8591 /* Main.storyboard */,
				48BFD81E19EC6360002E8591 /* Images.xcassets */,
				48BFD82019EC6360002E8591 /* LaunchScreen.xib */,
				48BFD81619EC6360002E8591 /* PhotoFilters.xcdatamodeld */,
				48BFD81219EC6360002E8591 /* Supporting Files */,
			);
			path = PhotoFilters;
			sourceTree = "<group>";
		};
		48BFD81219EC6360002E8591 /* Supporting Files */ = {
			isa = PBXGroup;
			children = (
				48BFD81319EC6360002E8591 /* Info.plist */,
			);
			name = "Supporting Files";
			sourceTree = "<group>";
		};
		48BFD82A19EC6360002E8591 /* PhotoFiltersTests */ = {
			isa = PBXGroup;
			children = (
				48BFD82D19EC6360002E8591 /* PhotoFiltersTests.swift */,
				48BFD82B19EC6360002E8591 /* Supporting Files */,
			);
			path = PhotoFiltersTests;
			sourceTree = "<group>";
		};
		48BFD82B19EC6360002E8591 /* Supporting Files */ = {
			isa = PBXGroup;
			children = (
				48BFD82C19EC6360002E8591 /* Info.plist */,
			);
			name = "Supporting Files";
			sourceTree = "<group>";
		};
		48BFD83719EC648B002E8591 /* Controller Layer */ = {
			isa = PBXGroup;
			children = (
				48BFD83A19EC64E5002E8591 /* HomeViewController.swift */,
				48BFD83C19EC6B06002E8591 /* GalleryViewController.swift */,
			);
			name = "Controller Layer";
			sourceTree = "<group>";
		};
		48BFD83819EC64A1002E8591 /* Model Layer */ = {
			isa = PBXGroup;
			children = (
				48BFD84219EC6EA8002E8591 /* GalleryCell.swift */,
			);
			name = "Model Layer";
			sourceTree = "<group>";
		};
		48BFD83919EC64AD002E8591 /* View Layer */ = {
			isa = PBXGroup;
			children = (
			);
			name = "View Layer";
			sourceTree = "<group>";
		};
/* End PBXGroup section */

/* Begin PBXNativeTarget section */
		48BFD80E19EC6360002E8591 /* PhotoFilters */ = {
			isa = PBXNativeTarget;
			buildConfigurationList = 48BFD83119EC6360002E8591 /* Build configuration list for PBXNativeTarget "PhotoFilters" */;
			buildPhases = (
				48BFD80B19EC6360002E8591 /* Sources */,
				48BFD80C19EC6360002E8591 /* Frameworks */,
				48BFD80D19EC6360002E8591 /* Resources */,
			);
			buildRules = (
			);
			dependencies = (
			);
			name = PhotoFilters;
			productName = PhotoFilters;
			productReference = 48BFD80F19EC6360002E8591 /* PhotoFilters.app */;
			productType = "com.apple.product-type.application";
		};
		48BFD82619EC6360002E8591 /* PhotoFiltersTests */ = {
			isa = PBXNativeTarget;
			buildConfigurationList = 48BFD83419EC6360002E8591 /* Build configuration list for PBXNativeTarget "PhotoFiltersTests" */;
			buildPhases = (
				48BFD82319EC6360002E8591 /* Sources */,
				48BFD82419EC6360002E8591 /* Frameworks */,
				48BFD82519EC6360002E8591 /* Resources */,
			);
			buildRules = (
			);
			dependencies = (
				48BFD82919EC6360002E8591 /* PBXTargetDependency */,
			);
			name = PhotoFiltersTests;
			productName = PhotoFiltersTests;
			productReference = 48BFD82719EC6360002E8591 /* PhotoFiltersTests.xctest */;
			productType = "com.apple.product-type.bundle.unit-test";
		};
/* End PBXNativeTarget section */

/* Begin PBXProject section */
		48BFD80719EC6360002E8591 /* Project object */ = {
			isa = PBXProject;
			attributes = {
				LastUpgradeCheck = 0610;
				ORGANIZATIONNAME = casecode;
				TargetAttributes = {
					48BFD80E19EC6360002E8591 = {
						CreatedOnToolsVersion = 6.1;
					};
					48BFD82619EC6360002E8591 = {
						CreatedOnToolsVersion = 6.1;
						TestTargetID = 48BFD80E19EC6360002E8591;
					};
				};
			};
			buildConfigurationList = 48BFD80A19EC6360002E8591 /* Build configuration list for PBXProject "PhotoFilters" */;
			compatibilityVersion = "Xcode 3.2";
			developmentRegion = English;
			hasScannedForEncodings = 0;
			knownRegions = (
				en,
				Base,
			);
			mainGroup = 48BFD80619EC6360002E8591;
			productRefGroup = 48BFD81019EC6360002E8591 /* Products */;
			projectDirPath = "";
			projectRoot = "";
			targets = (
				48BFD80E19EC6360002E8591 /* PhotoFilters */,
				48BFD82619EC6360002E8591 /* PhotoFiltersTests */,
			);
		};
/* End PBXProject section */

/* Begin PBXResourcesBuildPhase section */
		48BFD80D19EC6360002E8591 /* Resources */ = {
			isa = PBXResourcesBuildPhase;
			buildActionMask = 2147483647;
			files = (
				48BFD81D19EC6360002E8591 /* Main.storyboard in Resources */,
				48BFD82219EC6360002E8591 /* LaunchScreen.xib in Resources */,
				48BFD81F19EC6360002E8591 /* Images.xcassets in Resources */,
			);
			runOnlyForDeploymentPostprocessing = 0;
		};
		48BFD82519EC6360002E8591 /* Resources */ = {
			isa = PBXResourcesBuildPhase;
			buildActionMask = 2147483647;
			files = (
			);
			runOnlyForDeploymentPostprocessing = 0;
		};
/* End PBXResourcesBuildPhase section */

/* Begin PBXSourcesBuildPhase section */
		48BFD80B19EC6360002E8591 /* Sources */ = {
			isa = PBXSourcesBuildPhase;
			buildActionMask = 2147483647;
			files = (
				48BFD81819EC6360002E8591 /* PhotoFilters.xcdatamodeld in Sources */,
				48BFD84319EC6EA8002E8591 /* GalleryCell.swift in Sources */,
				48BFD83D19EC6B06002E8591 /* GalleryViewController.swift in Sources */,
				48BFD81519EC6360002E8591 /* AppDelegate.swift in Sources */,
				48BFD83B19EC64E5002E8591 /* HomeViewController.swift in Sources */,
			);
			runOnlyForDeploymentPostprocessing = 0;
		};
		48BFD82319EC6360002E8591 /* Sources */ = {
			isa = PBXSourcesBuildPhase;
			buildActionMask = 2147483647;
			files = (
				48BFD82E19EC6360002E8591 /* PhotoFiltersTests.swift in Sources */,
			);
			runOnlyForDeploymentPostprocessing = 0;
		};
/* End PBXSourcesBuildPhase section */

/* Begin PBXTargetDependency section */
		48BFD82919EC6360002E8591 /* PBXTargetDependency */ = {
			isa = PBXTargetDependency;
			target = 48BFD80E19EC6360002E8591 /* PhotoFilters */;
			targetProxy = 48BFD82819EC6360002E8591 /* PBXContainerItemProxy */;
		};
/* End PBXTargetDependency section */

/* Begin PBXVariantGroup section */
		48BFD81B19EC6360002E8591 /* Main.storyboard */ = {
			isa = PBXVariantGroup;
			children = (
				48BFD81C19EC6360002E8591 /* Base */,
			);
			name = Main.storyboard;
			sourceTree = "<group>";
		};
		48BFD82019EC6360002E8591 /* LaunchScreen.xib */ = {
			isa = PBXVariantGroup;
			children = (
				48BFD82119EC6360002E8591 /* Base */,
			);
			name = LaunchScreen.xib;
			sourceTree = "<group>";
		};
/* End PBXVariantGroup section */

/* Begin XCBuildConfiguration section */
		48BFD82F19EC6360002E8591 /* Debug */ = {
			isa = XCBuildConfiguration;
			buildSettings = {
				ALWAYS_SEARCH_USER_PATHS = NO;
				CLANG_CXX_LANGUAGE_STANDARD = "gnu++0x";
				CLANG_CXX_LIBRARY = "libc++";
				CLANG_ENABLE_MODULES = YES;
				CLANG_ENABLE_OBJC_ARC = YES;
				CLANG_WARN_BOOL_CONVERSION = YES;
				CLANG_WARN_CONSTANT_CONVERSION = YES;
				CLANG_WARN_DIRECT_OBJC_ISA_USAGE = YES_ERROR;
				CLANG_WARN_EMPTY_BODY = YES;
				CLANG_WARN_ENUM_CONVERSION = YES;
				CLANG_WARN_INT_CONVERSION = YES;
				CLANG_WARN_OBJC_ROOT_CLASS = YES_ERROR;
				CLANG_WARN_UNREACHABLE_CODE = YES;
				CLANG_WARN__DUPLICATE_METHOD_MATCH = YES;
				"CODE_SIGN_IDENTITY[sdk=iphoneos*]" = "iPhone Developer";
				COPY_PHASE_STRIP = NO;
				ENABLE_STRICT_OBJC_MSGSEND = YES;
				GCC_C_LANGUAGE_STANDARD = gnu99;
				GCC_DYNAMIC_NO_PIC = NO;
				GCC_OPTIMIZATION_LEVEL = 0;
				GCC_PREPROCESSOR_DEFINITIONS = (
					"DEBUG=1",
					"$(inherited)",
				);
				GCC_SYMBOLS_PRIVATE_EXTERN = NO;
				GCC_WARN_64_TO_32_BIT_CONVERSION = YES;
				GCC_WARN_ABOUT_RETURN_TYPE = YES_ERROR;
				GCC_WARN_UNDECLARED_SELECTOR = YES;
				GCC_WARN_UNINITIALIZED_AUTOS = YES_AGGRESSIVE;
				GCC_WARN_UNUSED_FUNCTION = YES;
				GCC_WARN_UNUSED_VARIABLE = YES;
				IPHONEOS_DEPLOYMENT_TARGET = 8.1;
				MTL_ENABLE_DEBUG_INFO = YES;
				ONLY_ACTIVE_ARCH = YES;
				SDKROOT = iphoneos;
				SWIFT_OPTIMIZATION_LEVEL = "-Onone";
				TARGETED_DEVICE_FAMILY = "1,2";
			};
			name = Debug;
		};
		48BFD83019EC6360002E8591 /* Release */ = {
			isa = XCBuildConfiguration;
			buildSettings = {
				ALWAYS_SEARCH_USER_PATHS = NO;
				CLANG_CXX_LANGUAGE_STANDARD = "gnu++0x";
				CLANG_CXX_LIBRARY = "libc++";
				CLANG_ENABLE_MODULES = YES;
				CLANG_ENABLE_OBJC_ARC = YES;
				CLANG_WARN_BOOL_CONVERSION = YES;
				CLANG_WARN_CONSTANT_CONVERSION = YES;
				CLANG_WARN_DIRECT_OBJC_ISA_USAGE = YES_ERROR;
				CLANG_WARN_EMPTY_BODY = YES;
				CLANG_WARN_ENUM_CONVERSION = YES;
				CLANG_WARN_INT_CONVERSION = YES;
				CLANG_WARN_OBJC_ROOT_CLASS = YES_ERROR;
				CLANG_WARN_UNREACHABLE_CODE = YES;
				CLANG_WARN__DUPLICATE_METHOD_MATCH = YES;
				"CODE_SIGN_IDENTITY[sdk=iphoneos*]" = "iPhone Developer";
				COPY_PHASE_STRIP = YES;
				ENABLE_NS_ASSERTIONS = NO;
				ENABLE_STRICT_OBJC_MSGSEND = YES;
				GCC_C_LANGUAGE_STANDARD = gnu99;
				GCC_WARN_64_TO_32_BIT_CONVERSION = YES;
				GCC_WARN_ABOUT_RETURN_TYPE = YES_ERROR;
				GCC_WARN_UNDECLARED_SELECTOR = YES;
				GCC_WARN_UNINITIALIZED_AUTOS = YES_AGGRESSIVE;
				GCC_WARN_UNUSED_FUNCTION = YES;
				GCC_WARN_UNUSED_VARIABLE = YES;
				IPHONEOS_DEPLOYMENT_TARGET = 8.1;
				MTL_ENABLE_DEBUG_INFO = NO;
				SDKROOT = iphoneos;
				TARGETED_DEVICE_FAMILY = "1,2";
				VALIDATE_PRODUCT = YES;
			};
			name = Release;
		};
		48BFD83219EC6360002E8591 /* Debug */ = {
			isa = XCBuildConfiguration;
			buildSettings = {
				ASSETCATALOG_COMPILER_APPICON_NAME = AppIcon;
				INFOPLIST_FILE = PhotoFilters/Info.plist;
				IPHONEOS_DEPLOYMENT_TARGET = 8.0;
				LD_RUNPATH_SEARCH_PATHS = "$(inherited) @executable_path/Frameworks";
				PRODUCT_NAME = "$(TARGET_NAME)";
			};
			name = Debug;
		};
		48BFD83319EC6360002E8591 /* Release */ = {
			isa = XCBuildConfiguration;
			buildSettings = {
				ASSETCATALOG_COMPILER_APPICON_NAME = AppIcon;
				INFOPLIST_FILE = PhotoFilters/Info.plist;
				IPHONEOS_DEPLOYMENT_TARGET = 8.0;
				LD_RUNPATH_SEARCH_PATHS = "$(inherited) @executable_path/Frameworks";
				PRODUCT_NAME = "$(TARGET_NAME)";
			};
			name = Release;
		};
		48BFD83519EC6360002E8591 /* Debug */ = {
			isa = XCBuildConfiguration;
			buildSettings = {
				BUNDLE_LOADER = "$(TEST_HOST)";
				FRAMEWORK_SEARCH_PATHS = (
					"$(SDKROOT)/Developer/Library/Frameworks",
					"$(inherited)",
				);
				GCC_PREPROCESSOR_DEFINITIONS = (
					"DEBUG=1",
					"$(inherited)",
				);
				INFOPLIST_FILE = PhotoFiltersTests/Info.plist;
				LD_RUNPATH_SEARCH_PATHS = "$(inherited) @executable_path/Frameworks @loader_path/Frameworks";
				PRODUCT_NAME = "$(TARGET_NAME)";
				TEST_HOST = "$(BUILT_PRODUCTS_DIR)/PhotoFilters.app/PhotoFilters";
			};
			name = Debug;
		};
		48BFD83619EC6360002E8591 /* Release */ = {
			isa = XCBuildConfiguration;
			buildSettings = {
				BUNDLE_LOADER = "$(TEST_HOST)";
				FRAMEWORK_SEARCH_PATHS = (
					"$(SDKROOT)/Developer/Library/Frameworks",
					"$(inherited)",
				);
				INFOPLIST_FILE = PhotoFiltersTests/Info.plist;
				LD_RUNPATH_SEARCH_PATHS = "$(inherited) @executable_path/Frameworks @loader_path/Frameworks";
				PRODUCT_NAME = "$(TARGET_NAME)";
				TEST_HOST = "$(BUILT_PRODUCTS_DIR)/PhotoFilters.app/PhotoFilters";
			};
			name = Release;
		};
/* End XCBuildConfiguration section */

/* Begin XCConfigurationList section */
		48BFD80A19EC6360002E8591 /* Build configuration list for PBXProject "PhotoFilters" */ = {
			isa = XCConfigurationList;
			buildConfigurations = (
				48BFD82F19EC6360002E8591 /* Debug */,
				48BFD83019EC6360002E8591 /* Release */,
			);
			defaultConfigurationIsVisible = 0;
			defaultConfigurationName = Release;
		};
		48BFD83119EC6360002E8591 /* Build configuration list for PBXNativeTarget "PhotoFilters" */ = {
			isa = XCConfigurationList;
			buildConfigurations = (
				48BFD83219EC6360002E8591 /* Debug */,
				48BFD83319EC6360002E8591 /* Release */,
			);
			defaultConfigurationIsVisible = 0;
			defaultConfigurationName = Release;
		};
		48BFD83419EC6360002E8591 /* Build configuration list for PBXNativeTarget "PhotoFiltersTests" */ = {
			isa = XCConfigurationList;
			buildConfigurations = (
				48BFD83519EC6360002E8591 /* Debug */,
				48BFD83619EC6360002E8591 /* Release */,
			);
			defaultConfigurationIsVisible = 0;
			defaultConfigurationName = Release;
		};
/* End XCConfigurationList section */

/* Begin XCVersionGroup section */
		48BFD81619EC6360002E8591 /* PhotoFilters.xcdatamodeld */ = {
			isa = XCVersionGroup;
			children = (
				48BFD81719EC6360002E8591 /* PhotoFilters.xcdatamodel */,
			);
			currentVersion = 48BFD81719EC6360002E8591 /* PhotoFilters.xcdatamodel */;
			path = PhotoFilters.xcdatamodeld;
			sourceTree = "<group>";
			versionGroupType = wrapper.xcdatamodel;
		};
/* End XCVersionGroup section */
	};
	rootObject = 48BFD80719EC6360002E8591 /* Project object */;
}
